// !$*UTF8*$!
{
	archiveVersion = 1;
	classes = {
	};
	objectVersion = 56;
	objects = {

/* Begin PBXBuildFile section */
		D365A9A12A72D1470039AB2D /* AppDelegate.swift in Sources */ = {isa = PBXBuildFile; fileRef = D365A9A02A72D1470039AB2D /* AppDelegate.swift */; };
		D365A9A32A72D1470039AB2D /* SceneDelegate.swift in Sources */ = {isa = PBXBuildFile; fileRef = D365A9A22A72D1470039AB2D /* SceneDelegate.swift */; };
		D365A9A52A72D1470039AB2D /* ViewController.swift in Sources */ = {isa = PBXBuildFile; fileRef = D365A9A42A72D1470039AB2D /* ViewController.swift */; };
		D365A9A82A72D1470039AB2D /* Main.storyboard in Resources */ = {isa = PBXBuildFile; fileRef = D365A9A62A72D1470039AB2D /* Main.storyboard */; };
		D365A9AB2A72D1470039AB2D /* Yummy_food_app.xcdatamodeld in Sources */ = {isa = PBXBuildFile; fileRef = D365A9A92A72D1470039AB2D /* Yummy_food_app.xcdatamodeld */; };
		D365A9AD2A72D1480039AB2D /* Assets.xcassets in Resources */ = {isa = PBXBuildFile; fileRef = D365A9AC2A72D1480039AB2D /* Assets.xcassets */; };
		D365A9B02A72D1480039AB2D /* LaunchScreen.storyboard in Resources */ = {isa = PBXBuildFile; fileRef = D365A9AE2A72D1480039AB2D /* LaunchScreen.storyboard */; };
/* End PBXBuildFile section */

/* Begin PBXFileReference section */
		D365A99D2A72D1470039AB2D /* Yummy food app.app */ = {isa = PBXFileReference; explicitFileType = wrapper.application; includeInIndex = 0; path = "Yummy food app.app"; sourceTree = BUILT_PRODUCTS_DIR; };
		D365A9A02A72D1470039AB2D /* AppDelegate.swift */ = {isa = PBXFileReference; lastKnownFileType = sourcecode.swift; path = AppDelegate.swift; sourceTree = "<group>"; };
		D365A9A22A72D1470039AB2D /* SceneDelegate.swift */ = {isa = PBXFileReference; lastKnownFileType = sourcecode.swift; path = SceneDelegate.swift; sourceTree = "<group>"; };
		D365A9A42A72D1470039AB2D /* ViewController.swift */ = {isa = PBXFileReference; lastKnownFileType = sourcecode.swift; path = ViewController.swift; sourceTree = "<group>"; };
		D365A9A72A72D1470039AB2D /* Base */ = {isa = PBXFileReference; lastKnownFileType = file.storyboard; name = Base; path = Base.lproj/Main.storyboard; sourceTree = "<group>"; };
		D365A9AA2A72D1470039AB2D /* Yummy_food_app.xcdatamodel */ = {isa = PBXFileReference; lastKnownFileType = wrapper.xcdatamodel; path = Yummy_food_app.xcdatamodel; sourceTree = "<group>"; };
		D365A9AC2A72D1480039AB2D /* Assets.xcassets */ = {isa = PBXFileReference; lastKnownFileType = folder.assetcatalog; path = Assets.xcassets; sourceTree = "<group>"; };
		D365A9AF2A72D1480039AB2D /* Base */ = {isa = PBXFileReference; lastKnownFileType = file.storyboard; name = Base; path = Base.lproj/LaunchScreen.storyboard; sourceTree = "<group>"; };
		D365A9B12A72D1480039AB2D /* Info.plist */ = {isa = PBXFileReference; lastKnownFileType = text.plist.xml; path = Info.plist; sourceTree = "<group>"; };
/* End PBXFileReference section */

/* Begin PBXFrameworksBuildPhase section */
		D365A99A2A72D1470039AB2D /* Frameworks */ = {
			isa = PBXFrameworksBuildPhase;
			buildActionMask = 2147483647;
			files = (
			);
			runOnlyForDeploymentPostprocessing = 0;
		};
/* End PBXFrameworksBuildPhase section */

/* Begin PBXGroup section */
		D365A9942A72D1470039AB2D = {
			isa = PBXGroup;
			children = (
				D365A99F2A72D1470039AB2D /* Yummy food app */,
				D365A99E2A72D1470039AB2D /* Products */,
			);
			sourceTree = "<group>";
		};
		D365A99E2A72D1470039AB2D /* Products */ = {
			isa = PBXGroup;
			children = (
				D365A99D2A72D1470039AB2D /* Yummy food app.app */,
			);
			name = Products;
			sourceTree = "<group>";
		};
		D365A99F2A72D1470039AB2D /* Yummy food app */ = {
			isa = PBXGroup;
			children = (
				D365A9A02A72D1470039AB2D /* AppDelegate.swift */,
				D365A9A22A72D1470039AB2D /* SceneDelegate.swift */,
				D365A9A42A72D1470039AB2D /* ViewController.swift */,
				D365A9A62A72D1470039AB2D /* Main.storyboard */,
				D365A9AC2A72D1480039AB2D /* Assets.xcassets */,
				D365A9AE2A72D1480039AB2D /* LaunchScreen.storyboard */,
				D365A9B12A72D1480039AB2D /* Info.plist */,
				D365A9A92A72D1470039AB2D /* Yummy_food_app.xcdatamodeld */,
			);
			path = "Yummy food app";
			sourceTree = "<group>";
		};
/* End PBXGroup section */

/* Begin PBXNativeTarget section */
		D365A99C2A72D1470039AB2D /* Yummy food app */ = {
			isa = PBXNativeTarget;
			buildConfigurationList = D365A9B42A72D1480039AB2D /* Build configuration list for PBXNativeTarget "Yummy food app" */;
			buildPhases = (
				D365A9992A72D1470039AB2D /* Sources */,
				D365A99A2A72D1470039AB2D /* Frameworks */,
				D365A99B2A72D1470039AB2D /* Resources */,
			);
			buildRules = (
			);
			dependencies = (
			);
			name = "Yummy food app";
			productName = "Yummy food app";
			productReference = D365A99D2A72D1470039AB2D /* Yummy food app.app */;
			productType = "com.apple.product-type.application";
		};
/* End PBXNativeTarget section */

/* Begin PBXProject section */
		D365A9952A72D1470039AB2D /* Project object */ = {
			isa = PBXProject;
			attributes = {
				BuildIndependentTargetsInParallel = 1;
				LastSwiftUpdateCheck = 1430;
				LastUpgradeCheck = 1430;
				TargetAttributes = {
					D365A99C2A72D1470039AB2D = {
						CreatedOnToolsVersion = 14.3.1;
					};
				};
			};
			buildConfigurationList = D365A9982A72D1470039AB2D /* Build configuration list for PBXProject "Yummy food app" */;
			compatibilityVersion = "Xcode 14.0";
			developmentRegion = en;
			hasScannedForEncodings = 0;
			knownRegions = (
				en,
				Base,
			);
			mainGroup = D365A9942A72D1470039AB2D;
			productRefGroup = D365A99E2A72D1470039AB2D /* Products */;
			projectDirPath = "";
			projectRoot = "";
			targets = (
				D365A99C2A72D1470039AB2D /* Yummy food app */,
			);
		};
/* End PBXProject section */

/* Begin PBXResourcesBuildPhase section */
		D365A99B2A72D1470039AB2D /* Resources */ = {
			isa = PBXResourcesBuildPhase;
			buildActionMask = 2147483647;
			files = (
				D365A9B02A72D1480039AB2D /* LaunchScreen.storyboard in Resources */,
				D365A9AD2A72D1480039AB2D /* Assets.xcassets in Resources */,
				D365A9A82A72D1470039AB2D /* Main.storyboard in Resources */,
			);
			runOnlyForDeploymentPostprocessing = 0;
		};
/* End PBXResourcesBuildPhase section */

/* Begin PBXSourcesBuildPhase section */
		D365A9992A72D1470039AB2D /* Sources */ = {
			isa = PBXSourcesBuildPhase;
			buildActionMask = 2147483647;
			files = (
				D365A9A52A72D1470039AB2D /* ViewController.swift in Sources */,
				D365A9A12A72D1470039AB2D /* AppDelegate.swift in Sources */,
				D365A9A32A72D1470039AB2D /* SceneDelegate.swift in Sources */,
				D365A9AB2A72D1470039AB2D /* Yummy_food_app.xcdatamodeld in Sources */,
			);
			runOnlyForDeploymentPostprocessing = 0;
		};
/* End PBXSourcesBuildPhase section */

/* Begin PBXVariantGroup section */
		D365A9A62A72D1470039AB2D /* Main.storyboard */ = {
			isa = PBXVariantGroup;
			children = (
				D365A9A72A72D1470039AB2D /* Base */,
			);
			name = Main.storyboard;
			sourceTree = "<group>";
		};
		D365A9AE2A72D1480039AB2D /* LaunchScreen.storyboard */ = {
			isa = PBXVariantGroup;
			children = (
				D365A9AF2A72D1480039AB2D /* Base */,
			);
			name = LaunchScreen.storyboard;
			sourceTree = "<group>";
		};
/* End PBXVariantGroup section */

/* Begin XCBuildConfiguration section */
		D365A9B22A72D1480039AB2D /* Debug */ = {
			isa = XCBuildConfiguration;
			buildSettings = {
				ALWAYS_SEARCH_USER_PATHS = NO;
				CLANG_ANALYZER_NONNULL = YES;
				CLANG_ANALYZER_NUMBER_OBJECT_CONVERSION = YES_AGGRESSIVE;
				CLANG_CXX_LANGUAGE_STANDARD = "gnu++20";
				CLANG_ENABLE_MODULES = YES;
				CLANG_ENABLE_OBJC_ARC = YES;
				CLANG_ENABLE_OBJC_WEAK = YES;
				CLANG_WARN_BLOCK_CAPTURE_AUTORELEASING = YES;
				CLANG_WARN_BOOL_CONVERSION = YES;
				CLANG_WARN_COMMA = YES;
				CLANG_WARN_CONSTANT_CONVERSION = YES;
				CLANG_WARN_DEPRECATED_OBJC_IMPLEMENTATIONS = YES;
				CLANG_WARN_DIRECT_OBJC_ISA_USAGE = YES_ERROR;
				CLANG_WARN_DOCUMENTATION_COMMENTS = YES;
				CLANG_WARN_EMPTY_BODY = YES;
				CLANG_WARN_ENUM_CONVERSION = YES;
				CLANG_WARN_INFINITE_RECURSION = YES;
				CLANG_WARN_INT_CONVERSION = YES;
				CLANG_WARN_NON_LITERAL_NULL_CONVERSION = YES;
				CLANG_WARN_OBJC_IMPLICIT_RETAIN_SELF = YES;
				CLANG_WARN_OBJC_LITERAL_CONVERSION = YES;
				CLANG_WARN_OBJC_ROOT_CLASS = YES_ERROR;
				CLANG_WARN_QUOTED_INCLUDE_IN_FRAMEWORK_HEADER = YES;
				CLANG_WARN_RANGE_LOOP_ANALYSIS = YES;
				CLANG_WARN_STRICT_PROTOTYPES = YES;
				CLANG_WARN_SUSPICIOUS_MOVE = YES;
				CLANG_WARN_UNGUARDED_AVAILABILITY = YES_AGGRESSIVE;
				CLANG_WARN_UNREACHABLE_CODE = YES;
				CLANG_WARN__DUPLICATE_METHOD_MATCH = YES;
				COPY_PHASE_STRIP = NO;
				DEBUG_INFORMATION_FORMAT = dwarf;
				ENABLE_STRICT_OBJC_MSGSEND = YES;
				ENABLE_TESTABILITY = YES;
				GCC_C_LANGUAGE_STANDARD = gnu11;
				GCC_DYNAMIC_NO_PIC = NO;
				GCC_NO_COMMON_BLOCKS = YES;
				GCC_OPTIMIZATION_LEVEL = 0;
				GCC_PREPROCESSOR_DEFINITIONS = (
					"DEBUG=1",
					"$(inherited)",
				);
				GCC_WARN_64_TO_32_BIT_CONVERSION = YES;
				GCC_WARN_ABOUT_RETURN_TYPE = YES_ERROR;
				GCC_WARN_UNDECLARED_SELECTOR = YES;
				GCC_WARN_UNINITIALIZED_AUTOS = YES_AGGRESSIVE;
				GCC_WARN_UNUSED_FUNCTION = YES;
				GCC_WARN_UNUSED_VARIABLE = YES;
				IPHONEOS_DEPLOYMENT_TARGET = 16.4;
				MTL_ENABLE_DEBUG_INFO = INCLUDE_SOURCE;
				MTL_FAST_MATH = YES;
				ONLY_ACTIVE_ARCH = YES;
				SDKROOT = iphoneos;
				SWIFT_ACTIVE_COMPILATION_CONDITIONS = DEBUG;
				SWIFT_OPTIMIZATION_LEVEL = "-Onone";
			};
			name = Debug;
		};
		D365A9B32A72D1480039AB2D /* Release */ = {
			isa = XCBuildConfiguration;
			buildSettings = {
				ALWAYS_SEARCH_USER_PATHS = NO;
				CLANG_ANALYZER_NONNULL = YES;
				CLANG_ANALYZER_NUMBER_OBJECT_CONVERSION = YES_AGGRESSIVE;
				CLANG_CXX_LANGUAGE_STANDARD = "gnu++20";
				CLANG_ENABLE_MODULES = YES;
				CLANG_ENABLE_OBJC_ARC = YES;
				CLANG_ENABLE_OBJC_WEAK = YES;
				CLANG_WARN_BLOCK_CAPTURE_AUTORELEASING = YES;
				CLANG_WARN_BOOL_CONVERSION = YES;
				CLANG_WARN_COMMA = YES;
				CLANG_WARN_CONSTANT_CONVERSION = YES;
				CLANG_WARN_DEPRECATED_OBJC_IMPLEMENTATIONS = YES;
				CLANG_WARN_DIRECT_OBJC_ISA_USAGE = YES_ERROR;
				CLANG_WARN_DOCUMENTATION_COMMENTS = YES;
				CLANG_WARN_EMPTY_BODY = YES;
				CLANG_WARN_ENUM_CONVERSION = YES;
				CLANG_WARN_INFINITE_RECURSION = YES;
				CLANG_WARN_INT_CONVERSION = YES;
				CLANG_WARN_NON_LITERAL_NULL_CONVERSION = YES;
				CLANG_WARN_OBJC_IMPLICIT_RETAIN_SELF = YES;
				CLANG_WARN_OBJC_LITERAL_CONVERSION = YES;
				CLANG_WARN_OBJC_ROOT_CLASS = YES_ERROR;
				CLANG_WARN_QUOTED_INCLUDE_IN_FRAMEWORK_HEADER = YES;
				CLANG_WARN_RANGE_LOOP_ANALYSIS = YES;
				CLANG_WARN_STRICT_PROTOTYPES = YES;
				CLANG_WARN_SUSPICIOUS_MOVE = YES;
				CLANG_WARN_UNGUARDED_AVAILABILITY = YES_AGGRESSIVE;
				CLANG_WARN_UNREACHABLE_CODE = YES;
				CLANG_WARN__DUPLICATE_METHOD_MATCH = YES;
				COPY_PHASE_STRIP = NO;
				DEBUG_INFORMATION_FORMAT = "dwarf-with-dsym";
				ENABLE_NS_ASSERTIONS = NO;
				ENABLE_STRICT_OBJC_MSGSEND = YES;
				GCC_C_LANGUAGE_STANDARD = gnu11;
				GCC_NO_COMMON_BLOCKS = YES;
				GCC_WARN_64_TO_32_BIT_CONVERSION = YES;
				GCC_WARN_ABOUT_RETURN_TYPE = YES_ERROR;
				GCC_WARN_UNDECLARED_SELECTOR = YES;
				GCC_WARN_UNINITIALIZED_AUTOS = YES_AGGRESSIVE;
				GCC_WARN_UNUSED_FUNCTION = YES;
				GCC_WARN_UNUSED_VARIABLE = YES;
				IPHONEOS_DEPLOYMENT_TARGET = 16.4;
				MTL_ENABLE_DEBUG_INFO = NO;
				MTL_FAST_MATH = YES;
				SDKROOT = iphoneos;
				SWIFT_COMPILATION_MODE = wholemodule;
				SWIFT_OPTIMIZATION_LEVEL = "-O";
				VALIDATE_PRODUCT = YES;
			};
			name = Release;
		};
		D365A9B52A72D1480039AB2D /* Debug */ = {
			isa = XCBuildConfiguration;
			buildSettings = {
				ASSETCATALOG_COMPILER_APPICON_NAME = AppIcon;
				ASSETCATALOG_COMPILER_GLOBAL_ACCENT_COLOR_NAME = AccentColor;
				CODE_SIGN_STYLE = Automatic;
				CURRENT_PROJECT_VERSION = 1;
				DEVELOPMENT_TEAM = Y9WFT4L662;
				GENERATE_INFOPLIST_FILE = YES;
				INFOPLIST_FILE = "Yummy food app/Info.plist";
				INFOPLIST_KEY_UIApplicationSupportsIndirectInputEvents = YES;
				INFOPLIST_KEY_UILaunchStoryboardName = LaunchScreen;
				INFOPLIST_KEY_UIMainStoryboardFile = Main;
				INFOPLIST_KEY_UISupportedInterfaceOrientations_iPad = "UIInterfaceOrientationPortrait UIInterfaceOrientationPortraitUpsideDown UIInterfaceOrientationLandscapeLeft UIInterfaceOrientationLandscapeRight";
				INFOPLIST_KEY_UISupportedInterfaceOrientations_iPhone = "UIInterfaceOrientationPortrait UIInterfaceOrientationLandscapeLeft UIInterfaceOrientationLandscapeRight";
				LD_RUNPATH_SEARCH_PATHS = (
					"$(inherited)",
					"@executable_path/Frameworks",
				);
				MARKETING_VERSION = 1.0;
				PRODUCT_BUNDLE_IDENTIFIER = "MohamedAbdelElhakam.Yummy-food-app";
				PRODUCT_NAME = "$(TARGET_NAME)";
				SWIFT_EMIT_LOC_STRINGS = YES;
				SWIFT_VERSION = 5.0;
				TARGETED_DEVICE_FAMILY = "1,2";
			};
			name = Debug;
		};
		D365A9B62A72D1480039AB2D /* Release */ = {
			isa = XCBuildConfiguration;
			buildSettings = {
				ASSETCATALOG_COMPILER_APPICON_NAME = AppIcon;
				ASSETCATALOG_COMPILER_GLOBAL_ACCENT_COLOR_NAME = AccentColor;
				CODE_SIGN_STYLE = Automatic;
				CURRENT_PROJECT_VERSION = 1;
				DEVELOPMENT_TEAM = Y9WFT4L662;
				GENERATE_INFOPLIST_FILE = YES;
				INFOPLIST_FILE = "Yummy food app/Info.plist";
				INFOPLIST_KEY_UIApplicationSupportsIndirectInputEvents = YES;
				INFOPLIST_KEY_UILaunchStoryboardName = LaunchScreen;
				INFOPLIST_KEY_UIMainStoryboardFile = Main;
				INFOPLIST_KEY_UISupportedInterfaceOrientations_iPad = "UIInterfaceOrientationPortrait UIInterfaceOrientationPortraitUpsideDown UIInterfaceOrientationLandscapeLeft UIInterfaceOrientationLandscapeRight";
				INFOPLIST_KEY_UISupportedInterfaceOrientations_iPhone = "UIInterfaceOrientationPortrait UIInterfaceOrientationLandscapeLeft UIInterfaceOrientationLandscapeRight";
				LD_RUNPATH_SEARCH_PATHS = (
					"$(inherited)",
					"@executable_path/Frameworks",
				);
				MARKETING_VERSION = 1.0;
				PRODUCT_BUNDLE_IDENTIFIER = "MohamedAbdelElhakam.Yummy-food-app";
				PRODUCT_NAME = "$(TARGET_NAME)";
				SWIFT_EMIT_LOC_STRINGS = YES;
				SWIFT_VERSION = 5.0;
				TARGETED_DEVICE_FAMILY = "1,2";
			};
			name = Release;
		};
/* End XCBuildConfiguration section */

/* Begin XCConfigurationList section */
		D365A9982A72D1470039AB2D /* Build configuration list for PBXProject "Yummy food app" */ = {
			isa = XCConfigurationList;
			buildConfigurations = (
				D365A9B22A72D1480039AB2D /* Debug */,
				D365A9B32A72D1480039AB2D /* Release */,
			);
			defaultConfigurationIsVisible = 0;
			defaultConfigurationName = Release;
		};
		D365A9B42A72D1480039AB2D /* Build configuration list for PBXNativeTarget "Yummy food app" */ = {
			isa = XCConfigurationList;
			buildConfigurations = (
				D365A9B52A72D1480039AB2D /* Debug */,
				D365A9B62A72D1480039AB2D /* Release */,
			);
			defaultConfigurationIsVisible = 0;
			defaultConfigurationName = Release;
		};
/* End XCConfigurationList section */

/* Begin XCVersionGroup section */
		D365A9A92A72D1470039AB2D /* Yummy_food_app.xcdatamodeld */ = {
			isa = XCVersionGroup;
			children = (
				D365A9AA2A72D1470039AB2D /* Yummy_food_app.xcdatamodel */,
			);
			currentVersion = D365A9AA2A72D1470039AB2D /* Yummy_food_app.xcdatamodel */;
			path = Yummy_food_app.xcdatamodeld;
			sourceTree = "<group>";
			versionGroupType = wrapper.xcdatamodel;
		};
/* End XCVersionGroup section */
	};
	rootObject = D365A9952A72D1470039AB2D /* Project object */;
}
