// !$*UTF8*$!
{
	archiveVersion = 1;
	classes = {
	};
	objectVersion = 56;
	objects = {

/* Begin PBXBuildFile section */
		D3299EF42A7949AD004F51CE /* dishesListTableViewCell.swift in Sources */ = {isa = PBXBuildFile; fileRef = D3299EF22A7949AD004F51CE /* dishesListTableViewCell.swift */; };
		D3299EF52A7949AD004F51CE /* dishesListTableViewCell.xib in Resources */ = {isa = PBXBuildFile; fileRef = D3299EF32A7949AD004F51CE /* dishesListTableViewCell.xib */; };
		D365A9A12A72D1470039AB2D /* AppDelegate.swift in Sources */ = {isa = PBXBuildFile; fileRef = D365A9A02A72D1470039AB2D /* AppDelegate.swift */; };
		D365A9A32A72D1470039AB2D /* SceneDelegate.swift in Sources */ = {isa = PBXBuildFile; fileRef = D365A9A22A72D1470039AB2D /* SceneDelegate.swift */; };
		D365A9A82A72D1470039AB2D /* Main.storyboard in Resources */ = {isa = PBXBuildFile; fileRef = D365A9A62A72D1470039AB2D /* Main.storyboard */; };
		D365A9AB2A72D1470039AB2D /* Yummy_food_app.xcdatamodeld in Sources */ = {isa = PBXBuildFile; fileRef = D365A9A92A72D1470039AB2D /* Yummy_food_app.xcdatamodeld */; };
		D365A9AD2A72D1480039AB2D /* Assets.xcassets in Resources */ = {isa = PBXBuildFile; fileRef = D365A9AC2A72D1480039AB2D /* Assets.xcassets */; };
		D365A9B02A72D1480039AB2D /* LaunchScreen.storyboard in Resources */ = {isa = PBXBuildFile; fileRef = D365A9AE2A72D1480039AB2D /* LaunchScreen.storyboard */; };
		D365A9B92A72D2390039AB2D /* Alamofire in Frameworks */ = {isa = PBXBuildFile; productRef = D365A9B82A72D2390039AB2D /* Alamofire */; };
		D365A9BC2A72D26D0039AB2D /* SDWebImage in Frameworks */ = {isa = PBXBuildFile; productRef = D365A9BB2A72D26D0039AB2D /* SDWebImage */; };
		D365A9BE2A72D26D0039AB2D /* SDWebImageMapKit in Frameworks */ = {isa = PBXBuildFile; productRef = D365A9BD2A72D26D0039AB2D /* SDWebImageMapKit */; };
		D365A9C12A72D2A10039AB2D /* ProgressHUD in Frameworks */ = {isa = PBXBuildFile; productRef = D365A9C02A72D2A10039AB2D /* ProgressHUD */; };
		D368DF382A76C7F10046E4FF /* popularDishesCollectionViewCell.swift in Sources */ = {isa = PBXBuildFile; fileRef = D368DF362A76C7F10046E4FF /* popularDishesCollectionViewCell.swift */; };
		D368DF392A76C7F10046E4FF /* popularDishesCollectionViewCell.xib in Resources */ = {isa = PBXBuildFile; fileRef = D368DF372A76C7F10046E4FF /* popularDishesCollectionViewCell.xib */; };
		D368DF3B2A76CC3A0046E4FF /* dishes.swift in Sources */ = {isa = PBXBuildFile; fileRef = D368DF3A2A76CC3A0046E4FF /* dishes.swift */; };
		D397C0E22A7A729600563AA5 /* listDishesViewController.swift in Sources */ = {isa = PBXBuildFile; fileRef = D397C0E12A7A729600563AA5 /* listDishesViewController.swift */; };
		D397C0E52A7A785E00563AA5 /* listOrderViewController.swift in Sources */ = {isa = PBXBuildFile; fileRef = D397C0E42A7A785E00563AA5 /* listOrderViewController.swift */; };
		D397C0E72A7A7ADE00563AA5 /* order.swift in Sources */ = {isa = PBXBuildFile; fileRef = D397C0E62A7A7ADE00563AA5 /* order.swift */; };
		D397C0EA2A7A9CDD00563AA5 /* networkServices.swift in Sources */ = {isa = PBXBuildFile; fileRef = D397C0E92A7A9CDD00563AA5 /* networkServices.swift */; };
		D397C0EE2A7A9F5B00563AA5 /* AllDishes.swift in Sources */ = {isa = PBXBuildFile; fileRef = D397C0ED2A7A9F5B00563AA5 /* AllDishes.swift */; };
		D397C0F02A7A9FE400563AA5 /* ResponseStruct.swift in Sources */ = {isa = PBXBuildFile; fileRef = D397C0EF2A7A9FE400563AA5 /* ResponseStruct.swift */; };
		D3AEA90A2A76839500FB3F3E /* HomeViewController.swift in Sources */ = {isa = PBXBuildFile; fileRef = D3AEA9092A76839500FB3F3E /* HomeViewController.swift */; };
		D3AEA90F2A768B1900FB3F3E /* categoryCollectionViewCell.swift in Sources */ = {isa = PBXBuildFile; fileRef = D3AEA90D2A768B1900FB3F3E /* categoryCollectionViewCell.swift */; };
		D3AEA9102A768B1900FB3F3E /* categoryCollectionViewCell.xib in Resources */ = {isa = PBXBuildFile; fileRef = D3AEA90E2A768B1900FB3F3E /* categoryCollectionViewCell.xib */; };
		D3AEA9122A768DCF00FB3F3E /* categoryDishes.swift in Sources */ = {isa = PBXBuildFile; fileRef = D3AEA9112A768DCF00FB3F3E /* categoryDishes.swift */; };
		D3AEA9152A768E8A00FB3F3E /* Kingfisher in Frameworks */ = {isa = PBXBuildFile; productRef = D3AEA9142A768E8A00FB3F3E /* Kingfisher */; };
		D3AEA9172A768F1D00FB3F3E /* extention+string.swift in Sources */ = {isa = PBXBuildFile; fileRef = D3AEA9162A768F1D00FB3F3E /* extention+string.swift */; };
		D3AEA91A2A7697B900FB3F3E /* cardView.swift in Sources */ = {isa = PBXBuildFile; fileRef = D3AEA9192A7697B900FB3F3E /* cardView.swift */; };
		D3EFB7772A77D1250078BA08 /* ChefSpecialsCollectionViewCell.swift in Sources */ = {isa = PBXBuildFile; fileRef = D3EFB7752A77D1250078BA08 /* ChefSpecialsCollectionViewCell.swift */; };
		D3EFB7782A77D1250078BA08 /* ChefSpecialsCollectionViewCell.xib in Resources */ = {isa = PBXBuildFile; fileRef = D3EFB7762A77D1250078BA08 /* ChefSpecialsCollectionViewCell.xib */; };
		D3EFB77C2A77DD360078BA08 /* dishDetailsViewController.swift in Sources */ = {isa = PBXBuildFile; fileRef = D3EFB77B2A77DD360078BA08 /* dishDetailsViewController.swift */; };
		D3EFB77E2A77E2190078BA08 /* uiViewController+Extention.swift in Sources */ = {isa = PBXBuildFile; fileRef = D3EFB77D2A77E2190078BA08 /* uiViewController+Extention.swift */; };
		D3FF7C422A753269009F012F /* onboardingViewController.swift in Sources */ = {isa = PBXBuildFile; fileRef = D3FF7C412A753269009F012F /* onboardingViewController.swift */; };
		D3FF7C452A7535F8009F012F /* uiViewExtention.swift in Sources */ = {isa = PBXBuildFile; fileRef = D3FF7C442A7535F8009F012F /* uiViewExtention.swift */; };
		D3FF7C472A7537A1009F012F /* onboardingModel.swift in Sources */ = {isa = PBXBuildFile; fileRef = D3FF7C462A7537A1009F012F /* onboardingModel.swift */; };
		D3FF7C492A753B7B009F012F /* onboardingCollectionViewCell.swift in Sources */ = {isa = PBXBuildFile; fileRef = D3FF7C482A753B7B009F012F /* onboardingCollectionViewCell.swift */; };
/* End PBXBuildFile section */

/* Begin PBXFileReference section */
		D3299EF22A7949AD004F51CE /* dishesListTableViewCell.swift */ = {isa = PBXFileReference; lastKnownFileType = sourcecode.swift; path = dishesListTableViewCell.swift; sourceTree = "<group>"; };
		D3299EF32A7949AD004F51CE /* dishesListTableViewCell.xib */ = {isa = PBXFileReference; lastKnownFileType = file.xib; path = dishesListTableViewCell.xib; sourceTree = "<group>"; };
		D365A99D2A72D1470039AB2D /* Yummy food app.app */ = {isa = PBXFileReference; explicitFileType = wrapper.application; includeInIndex = 0; path = "Yummy food app.app"; sourceTree = BUILT_PRODUCTS_DIR; };
		D365A9A02A72D1470039AB2D /* AppDelegate.swift */ = {isa = PBXFileReference; lastKnownFileType = sourcecode.swift; path = AppDelegate.swift; sourceTree = "<group>"; };
		D365A9A22A72D1470039AB2D /* SceneDelegate.swift */ = {isa = PBXFileReference; lastKnownFileType = sourcecode.swift; path = SceneDelegate.swift; sourceTree = "<group>"; };
		D365A9A72A72D1470039AB2D /* Base */ = {isa = PBXFileReference; lastKnownFileType = file.storyboard; name = Base; path = Base.lproj/Main.storyboard; sourceTree = "<group>"; };
		D365A9AA2A72D1470039AB2D /* Yummy_food_app.xcdatamodel */ = {isa = PBXFileReference; lastKnownFileType = wrapper.xcdatamodel; path = Yummy_food_app.xcdatamodel; sourceTree = "<group>"; };
		D365A9AC2A72D1480039AB2D /* Assets.xcassets */ = {isa = PBXFileReference; lastKnownFileType = folder.assetcatalog; path = Assets.xcassets; sourceTree = "<group>"; };
		D365A9AF2A72D1480039AB2D /* Base */ = {isa = PBXFileReference; lastKnownFileType = file.storyboard; name = Base; path = Base.lproj/LaunchScreen.storyboard; sourceTree = "<group>"; };
		D365A9B12A72D1480039AB2D /* Info.plist */ = {isa = PBXFileReference; lastKnownFileType = text.plist.xml; path = Info.plist; sourceTree = "<group>"; };
		D368DF362A76C7F10046E4FF /* popularDishesCollectionViewCell.swift */ = {isa = PBXFileReference; lastKnownFileType = sourcecode.swift; path = popularDishesCollectionViewCell.swift; sourceTree = "<group>"; };
		D368DF372A76C7F10046E4FF /* popularDishesCollectionViewCell.xib */ = {isa = PBXFileReference; lastKnownFileType = file.xib; path = popularDishesCollectionViewCell.xib; sourceTree = "<group>"; };
		D368DF3A2A76CC3A0046E4FF /* dishes.swift */ = {isa = PBXFileReference; lastKnownFileType = sourcecode.swift; path = dishes.swift; sourceTree = "<group>"; };
		D397C0E12A7A729600563AA5 /* listDishesViewController.swift */ = {isa = PBXFileReference; lastKnownFileType = sourcecode.swift; path = listDishesViewController.swift; sourceTree = "<group>"; };
		D397C0E42A7A785E00563AA5 /* listOrderViewController.swift */ = {isa = PBXFileReference; lastKnownFileType = sourcecode.swift; path = listOrderViewController.swift; sourceTree = "<group>"; };
		D397C0E62A7A7ADE00563AA5 /* order.swift */ = {isa = PBXFileReference; lastKnownFileType = sourcecode.swift; path = order.swift; sourceTree = "<group>"; };
		D397C0E92A7A9CDD00563AA5 /* networkServices.swift */ = {isa = PBXFileReference; lastKnownFileType = sourcecode.swift; path = networkServices.swift; sourceTree = "<group>"; };
		D397C0ED2A7A9F5B00563AA5 /* AllDishes.swift */ = {isa = PBXFileReference; lastKnownFileType = sourcecode.swift; path = AllDishes.swift; sourceTree = "<group>"; };
		D397C0EF2A7A9FE400563AA5 /* ResponseStruct.swift */ = {isa = PBXFileReference; lastKnownFileType = sourcecode.swift; path = ResponseStruct.swift; sourceTree = "<group>"; };
		D3AEA9092A76839500FB3F3E /* HomeViewController.swift */ = {isa = PBXFileReference; lastKnownFileType = sourcecode.swift; path = HomeViewController.swift; sourceTree = "<group>"; };
		D3AEA90D2A768B1900FB3F3E /* categoryCollectionViewCell.swift */ = {isa = PBXFileReference; lastKnownFileType = sourcecode.swift; path = categoryCollectionViewCell.swift; sourceTree = "<group>"; };
		D3AEA90E2A768B1900FB3F3E /* categoryCollectionViewCell.xib */ = {isa = PBXFileReference; lastKnownFileType = file.xib; path = categoryCollectionViewCell.xib; sourceTree = "<group>"; };
		D3AEA9112A768DCF00FB3F3E /* categoryDishes.swift */ = {isa = PBXFileReference; lastKnownFileType = sourcecode.swift; path = categoryDishes.swift; sourceTree = "<group>"; };
		D3AEA9162A768F1D00FB3F3E /* extention+string.swift */ = {isa = PBXFileReference; lastKnownFileType = sourcecode.swift; path = "extention+string.swift"; sourceTree = "<group>"; };
		D3AEA9192A7697B900FB3F3E /* cardView.swift */ = {isa = PBXFileReference; lastKnownFileType = sourcecode.swift; path = cardView.swift; sourceTree = "<group>"; };
		D3EFB7752A77D1250078BA08 /* ChefSpecialsCollectionViewCell.swift */ = {isa = PBXFileReference; lastKnownFileType = sourcecode.swift; path = ChefSpecialsCollectionViewCell.swift; sourceTree = "<group>"; };
		D3EFB7762A77D1250078BA08 /* ChefSpecialsCollectionViewCell.xib */ = {isa = PBXFileReference; lastKnownFileType = file.xib; path = ChefSpecialsCollectionViewCell.xib; sourceTree = "<group>"; };
		D3EFB77B2A77DD360078BA08 /* dishDetailsViewController.swift */ = {isa = PBXFileReference; lastKnownFileType = sourcecode.swift; path = dishDetailsViewController.swift; sourceTree = "<group>"; };
		D3EFB77D2A77E2190078BA08 /* uiViewController+Extention.swift */ = {isa = PBXFileReference; lastKnownFileType = sourcecode.swift; path = "uiViewController+Extention.swift"; sourceTree = "<group>"; };
		D3FF7C412A753269009F012F /* onboardingViewController.swift */ = {isa = PBXFileReference; lastKnownFileType = sourcecode.swift; path = onboardingViewController.swift; sourceTree = "<group>"; };
		D3FF7C442A7535F8009F012F /* uiViewExtention.swift */ = {isa = PBXFileReference; lastKnownFileType = sourcecode.swift; path = uiViewExtention.swift; sourceTree = "<group>"; };
		D3FF7C462A7537A1009F012F /* onboardingModel.swift */ = {isa = PBXFileReference; lastKnownFileType = sourcecode.swift; path = onboardingModel.swift; sourceTree = "<group>"; };
		D3FF7C482A753B7B009F012F /* onboardingCollectionViewCell.swift */ = {isa = PBXFileReference; lastKnownFileType = sourcecode.swift; path = onboardingCollectionViewCell.swift; sourceTree = "<group>"; };
/* End PBXFileReference section */

/* Begin PBXFrameworksBuildPhase section */
		D365A99A2A72D1470039AB2D /* Frameworks */ = {
			isa = PBXFrameworksBuildPhase;
			buildActionMask = 2147483647;
			files = (
				D365A9BC2A72D26D0039AB2D /* SDWebImage in Frameworks */,
				D365A9C12A72D2A10039AB2D /* ProgressHUD in Frameworks */,
				D365A9BE2A72D26D0039AB2D /* SDWebImageMapKit in Frameworks */,
				D365A9B92A72D2390039AB2D /* Alamofire in Frameworks */,
				D3AEA9152A768E8A00FB3F3E /* Kingfisher in Frameworks */,
			);
			runOnlyForDeploymentPostprocessing = 0;
		};
/* End PBXFrameworksBuildPhase section */

/* Begin PBXGroup section */
		D3299EF02A79494D004F51CE /* tableViewCells */ = {
			isa = PBXGroup;
			children = (
				D3299EF12A794964004F51CE /* DishesListTableViewCell */,
			);
			path = tableViewCells;
			sourceTree = "<group>";
		};
		D3299EF12A794964004F51CE /* DishesListTableViewCell */ = {
			isa = PBXGroup;
			children = (
				D3299EF22A7949AD004F51CE /* dishesListTableViewCell.swift */,
				D3299EF32A7949AD004F51CE /* dishesListTableViewCell.xib */,
			);
			path = DishesListTableViewCell;
			sourceTree = "<group>";
		};
		D365A9942A72D1470039AB2D = {
			isa = PBXGroup;
			children = (
				D365A99F2A72D1470039AB2D /* Yummy food app */,
				D365A99E2A72D1470039AB2D /* Products */,
			);
			sourceTree = "<group>";
		};
		D365A99E2A72D1470039AB2D /* Products */ = {
			isa = PBXGroup;
			children = (
				D365A99D2A72D1470039AB2D /* Yummy food app.app */,
			);
			name = Products;
			sourceTree = "<group>";
		};
		D365A99F2A72D1470039AB2D /* Yummy food app */ = {
			isa = PBXGroup;
			children = (
				D397C0E82A7A9CC300563AA5 /* Networking */,
				D3FF7C432A7535BA009F012F /* Extention */,
				D3FF7C3F2A753200009F012F /* customView */,
				D3FF7C3E2A7531FB009F012F /* view */,
				D3FF7C3D2A7531F8009F012F /* model */,
				D365A9A02A72D1470039AB2D /* AppDelegate.swift */,
				D365A9A22A72D1470039AB2D /* SceneDelegate.swift */,
				D365A9A62A72D1470039AB2D /* Main.storyboard */,
				D365A9AC2A72D1480039AB2D /* Assets.xcassets */,
				D365A9AE2A72D1480039AB2D /* LaunchScreen.storyboard */,
				D365A9B12A72D1480039AB2D /* Info.plist */,
				D365A9A92A72D1470039AB2D /* Yummy_food_app.xcdatamodeld */,
			);
			path = "Yummy food app";
			sourceTree = "<group>";
		};
		D368DF342A76C7AB0046E4FF /* popular dishes */ = {
			isa = PBXGroup;
			children = (
				D368DF362A76C7F10046E4FF /* popularDishesCollectionViewCell.swift */,
				D368DF372A76C7F10046E4FF /* popularDishesCollectionViewCell.xib */,
			);
			path = "popular dishes";
			sourceTree = "<group>";
		};
		D397C0E02A7A726900563AA5 /* listDishesTableView */ = {
			isa = PBXGroup;
			children = (
				D397C0E12A7A729600563AA5 /* listDishesViewController.swift */,
			);
			path = listDishesTableView;
			sourceTree = "<group>";
		};
		D397C0E32A7A784800563AA5 /* listOrder */ = {
			isa = PBXGroup;
			children = (
				D397C0E42A7A785E00563AA5 /* listOrderViewController.swift */,
			);
			path = listOrder;
			sourceTree = "<group>";
		};
		D397C0E82A7A9CC300563AA5 /* Networking */ = {
			isa = PBXGroup;
			children = (
				D397C0E92A7A9CDD00563AA5 /* networkServices.swift */,
			);
			path = Networking;
			sourceTree = "<group>";
		};
		D3AEA9082A76835900FB3F3E /* Home */ = {
			isa = PBXGroup;
			children = (
				D3AEA9092A76839500FB3F3E /* HomeViewController.swift */,
			);
			path = Home;
			sourceTree = "<group>";
		};
		D3AEA90B2A768AD700FB3F3E /* collectionViewCell */ = {
			isa = PBXGroup;
			children = (
				D3EFB7742A77D1010078BA08 /* ChefSpecialsCollectionViewCell */,
				D368DF342A76C7AB0046E4FF /* popular dishes */,
				D3AEA90C2A768AEF00FB3F3E /* categoryCollectionViewcell */,
			);
			path = collectionViewCell;
			sourceTree = "<group>";
		};
		D3AEA90C2A768AEF00FB3F3E /* categoryCollectionViewcell */ = {
			isa = PBXGroup;
			children = (
				D3AEA90D2A768B1900FB3F3E /* categoryCollectionViewCell.swift */,
				D3AEA90E2A768B1900FB3F3E /* categoryCollectionViewCell.xib */,
			);
			path = categoryCollectionViewcell;
			sourceTree = "<group>";
		};
		D3AEA9182A7697A900FB3F3E /* cardView */ = {
			isa = PBXGroup;
			children = (
				D3AEA9192A7697B900FB3F3E /* cardView.swift */,
			);
			path = cardView;
			sourceTree = "<group>";
		};
		D3EFB7742A77D1010078BA08 /* ChefSpecialsCollectionViewCell */ = {
			isa = PBXGroup;
			children = (
				D3EFB7752A77D1250078BA08 /* ChefSpecialsCollectionViewCell.swift */,
				D3EFB7762A77D1250078BA08 /* ChefSpecialsCollectionViewCell.xib */,
			);
			path = ChefSpecialsCollectionViewCell;
			sourceTree = "<group>";
		};
		D3EFB77A2A77DD0D0078BA08 /* DishDetails */ = {
			isa = PBXGroup;
			children = (
				D3EFB77B2A77DD360078BA08 /* dishDetailsViewController.swift */,
			);
			path = DishDetails;
			sourceTree = "<group>";
		};
		D3FF7C3D2A7531F8009F012F /* model */ = {
			isa = PBXGroup;
			children = (
				D3FF7C462A7537A1009F012F /* onboardingModel.swift */,
				D3AEA9112A768DCF00FB3F3E /* categoryDishes.swift */,
				D368DF3A2A76CC3A0046E4FF /* dishes.swift */,
				D397C0E62A7A7ADE00563AA5 /* order.swift */,
				D397C0ED2A7A9F5B00563AA5 /* AllDishes.swift */,
				D397C0EF2A7A9FE400563AA5 /* ResponseStruct.swift */,
			);
			path = model;
			sourceTree = "<group>";
		};
		D3FF7C3E2A7531FB009F012F /* view */ = {
			isa = PBXGroup;
			children = (
				D397C0E32A7A784800563AA5 /* listOrder */,
				D397C0E02A7A726900563AA5 /* listDishesTableView */,
				D3EFB77A2A77DD0D0078BA08 /* DishDetails */,
				D3AEA9082A76835900FB3F3E /* Home */,
				D3FF7C402A753204009F012F /* onboarding */,
			);
			path = view;
			sourceTree = "<group>";
		};
		D3FF7C3F2A753200009F012F /* customView */ = {
			isa = PBXGroup;
			children = (
				D3299EF02A79494D004F51CE /* tableViewCells */,
				D3AEA9182A7697A900FB3F3E /* cardView */,
				D3AEA90B2A768AD700FB3F3E /* collectionViewCell */,
			);
			path = customView;
			sourceTree = "<group>";
		};
		D3FF7C402A753204009F012F /* onboarding */ = {
			isa = PBXGroup;
			children = (
				D3FF7C412A753269009F012F /* onboardingViewController.swift */,
				D3FF7C482A753B7B009F012F /* onboardingCollectionViewCell.swift */,
			);
			path = onboarding;
			sourceTree = "<group>";
		};
		D3FF7C432A7535BA009F012F /* Extention */ = {
			isa = PBXGroup;
			children = (
				D3FF7C442A7535F8009F012F /* uiViewExtention.swift */,
				D3AEA9162A768F1D00FB3F3E /* extention+string.swift */,
				D3EFB77D2A77E2190078BA08 /* uiViewController+Extention.swift */,
			);
			path = Extention;
			sourceTree = "<group>";
		};
/* End PBXGroup section */

/* Begin PBXNativeTarget section */
		D365A99C2A72D1470039AB2D /* Yummy food app */ = {
			isa = PBXNativeTarget;
			buildConfigurationList = D365A9B42A72D1480039AB2D /* Build configuration list for PBXNativeTarget "Yummy food app" */;
			buildPhases = (
				D365A9992A72D1470039AB2D /* Sources */,
				D365A99A2A72D1470039AB2D /* Frameworks */,
				D365A99B2A72D1470039AB2D /* Resources */,
			);
			buildRules = (
			);
			dependencies = (
			);
			name = "Yummy food app";
			packageProductDependencies = (
				D365A9B82A72D2390039AB2D /* Alamofire */,
				D365A9BB2A72D26D0039AB2D /* SDWebImage */,
				D365A9BD2A72D26D0039AB2D /* SDWebImageMapKit */,
				D365A9C02A72D2A10039AB2D /* ProgressHUD */,
				D3AEA9142A768E8A00FB3F3E /* Kingfisher */,
			);
			productName = "Yummy food app";
			productReference = D365A99D2A72D1470039AB2D /* Yummy food app.app */;
			productType = "com.apple.product-type.application";
		};
/* End PBXNativeTarget section */

/* Begin PBXProject section */
		D365A9952A72D1470039AB2D /* Project object */ = {
			isa = PBXProject;
			attributes = {
				BuildIndependentTargetsInParallel = 1;
				LastSwiftUpdateCheck = 1430;
				LastUpgradeCheck = 1430;
				TargetAttributes = {
					D365A99C2A72D1470039AB2D = {
						CreatedOnToolsVersion = 14.3.1;
					};
				};
			};
			buildConfigurationList = D365A9982A72D1470039AB2D /* Build configuration list for PBXProject "Yummy food app" */;
			compatibilityVersion = "Xcode 14.0";
			developmentRegion = en;
			hasScannedForEncodings = 0;
			knownRegions = (
				en,
				Base,
			);
			mainGroup = D365A9942A72D1470039AB2D;
			packageReferences = (
				D365A9B72A72D2390039AB2D /* XCRemoteSwiftPackageReference "Alamofire" */,
				D365A9BA2A72D26D0039AB2D /* XCRemoteSwiftPackageReference "SDWebImage" */,
				D365A9BF2A72D2A10039AB2D /* XCRemoteSwiftPackageReference "ProgressHUD" */,
				D3AEA9132A768E8A00FB3F3E /* XCRemoteSwiftPackageReference "Kingfisher" */,
			);
			productRefGroup = D365A99E2A72D1470039AB2D /* Products */;
			projectDirPath = "";
			projectRoot = "";
			targets = (
				D365A99C2A72D1470039AB2D /* Yummy food app */,
			);
		};
/* End PBXProject section */

/* Begin PBXResourcesBuildPhase section */
		D365A99B2A72D1470039AB2D /* Resources */ = {
			isa = PBXResourcesBuildPhase;
			buildActionMask = 2147483647;
			files = (
				D3AEA9102A768B1900FB3F3E /* categoryCollectionViewCell.xib in Resources */,
				D365A9B02A72D1480039AB2D /* LaunchScreen.storyboard in Resources */,
				D365A9AD2A72D1480039AB2D /* Assets.xcassets in Resources */,
				D3299EF52A7949AD004F51CE /* dishesListTableViewCell.xib in Resources */,
				D365A9A82A72D1470039AB2D /* Main.storyboard in Resources */,
				D3EFB7782A77D1250078BA08 /* ChefSpecialsCollectionViewCell.xib in Resources */,
				D368DF392A76C7F10046E4FF /* popularDishesCollectionViewCell.xib in Resources */,
			);
			runOnlyForDeploymentPostprocessing = 0;
		};
/* End PBXResourcesBuildPhase section */

/* Begin PBXSourcesBuildPhase section */
		D365A9992A72D1470039AB2D /* Sources */ = {
			isa = PBXSourcesBuildPhase;
			buildActionMask = 2147483647;
			files = (
				D397C0E22A7A729600563AA5 /* listDishesViewController.swift in Sources */,
				D365A9A12A72D1470039AB2D /* AppDelegate.swift in Sources */,
				D3AEA90F2A768B1900FB3F3E /* categoryCollectionViewCell.swift in Sources */,
				D365A9A32A72D1470039AB2D /* SceneDelegate.swift in Sources */,
				D3AEA9172A768F1D00FB3F3E /* extention+string.swift in Sources */,
				D3AEA9122A768DCF00FB3F3E /* categoryDishes.swift in Sources */,
				D3FF7C452A7535F8009F012F /* uiViewExtention.swift in Sources */,
				D3AEA91A2A7697B900FB3F3E /* cardView.swift in Sources */,
				D3EFB77E2A77E2190078BA08 /* uiViewController+Extention.swift in Sources */,
				D397C0E72A7A7ADE00563AA5 /* order.swift in Sources */,
				D397C0EE2A7A9F5B00563AA5 /* AllDishes.swift in Sources */,
				D3EFB77C2A77DD360078BA08 /* dishDetailsViewController.swift in Sources */,
				D3AEA90A2A76839500FB3F3E /* HomeViewController.swift in Sources */,
				D397C0EA2A7A9CDD00563AA5 /* networkServices.swift in Sources */,
				D365A9AB2A72D1470039AB2D /* Yummy_food_app.xcdatamodeld in Sources */,
				D368DF3B2A76CC3A0046E4FF /* dishes.swift in Sources */,
				D3FF7C492A753B7B009F012F /* onboardingCollectionViewCell.swift in Sources */,
				D397C0F02A7A9FE400563AA5 /* ResponseStruct.swift in Sources */,
				D3FF7C472A7537A1009F012F /* onboardingModel.swift in Sources */,
				D3FF7C422A753269009F012F /* onboardingViewController.swift in Sources */,
				D3299EF42A7949AD004F51CE /* dishesListTableViewCell.swift in Sources */,
				D3EFB7772A77D1250078BA08 /* ChefSpecialsCollectionViewCell.swift in Sources */,
				D368DF382A76C7F10046E4FF /* popularDishesCollectionViewCell.swift in Sources */,
				D397C0E52A7A785E00563AA5 /* listOrderViewController.swift in Sources */,
			);
			runOnlyForDeploymentPostprocessing = 0;
		};
/* End PBXSourcesBuildPhase section */

/* Begin PBXVariantGroup section */
		D365A9A62A72D1470039AB2D /* Main.storyboard */ = {
			isa = PBXVariantGroup;
			children = (
				D365A9A72A72D1470039AB2D /* Base */,
			);
			name = Main.storyboard;
			sourceTree = "<group>";
		};
		D365A9AE2A72D1480039AB2D /* LaunchScreen.storyboard */ = {
			isa = PBXVariantGroup;
			children = (
				D365A9AF2A72D1480039AB2D /* Base */,
			);
			name = LaunchScreen.storyboard;
			sourceTree = "<group>";
		};
/* End PBXVariantGroup section */

/* Begin XCBuildConfiguration section */
		D365A9B22A72D1480039AB2D /* Debug */ = {
			isa = XCBuildConfiguration;
			buildSettings = {
				ALWAYS_SEARCH_USER_PATHS = NO;
				CLANG_ANALYZER_NONNULL = YES;
				CLANG_ANALYZER_NUMBER_OBJECT_CONVERSION = YES_AGGRESSIVE;
				CLANG_CXX_LANGUAGE_STANDARD = "gnu++20";
				CLANG_ENABLE_MODULES = YES;
				CLANG_ENABLE_OBJC_ARC = YES;
				CLANG_ENABLE_OBJC_WEAK = YES;
				CLANG_WARN_BLOCK_CAPTURE_AUTORELEASING = YES;
				CLANG_WARN_BOOL_CONVERSION = YES;
				CLANG_WARN_COMMA = YES;
				CLANG_WARN_CONSTANT_CONVERSION = YES;
				CLANG_WARN_DEPRECATED_OBJC_IMPLEMENTATIONS = YES;
				CLANG_WARN_DIRECT_OBJC_ISA_USAGE = YES_ERROR;
				CLANG_WARN_DOCUMENTATION_COMMENTS = YES;
				CLANG_WARN_EMPTY_BODY = YES;
				CLANG_WARN_ENUM_CONVERSION = YES;
				CLANG_WARN_INFINITE_RECURSION = YES;
				CLANG_WARN_INT_CONVERSION = YES;
				CLANG_WARN_NON_LITERAL_NULL_CONVERSION = YES;
				CLANG_WARN_OBJC_IMPLICIT_RETAIN_SELF = YES;
				CLANG_WARN_OBJC_LITERAL_CONVERSION = YES;
				CLANG_WARN_OBJC_ROOT_CLASS = YES_ERROR;
				CLANG_WARN_QUOTED_INCLUDE_IN_FRAMEWORK_HEADER = YES;
				CLANG_WARN_RANGE_LOOP_ANALYSIS = YES;
				CLANG_WARN_STRICT_PROTOTYPES = YES;
				CLANG_WARN_SUSPICIOUS_MOVE = YES;
				CLANG_WARN_UNGUARDED_AVAILABILITY = YES_AGGRESSIVE;
				CLANG_WARN_UNREACHABLE_CODE = YES;
				CLANG_WARN__DUPLICATE_METHOD_MATCH = YES;
				COPY_PHASE_STRIP = NO;
				DEBUG_INFORMATION_FORMAT = dwarf;
				ENABLE_STRICT_OBJC_MSGSEND = YES;
				ENABLE_TESTABILITY = YES;
				GCC_C_LANGUAGE_STANDARD = gnu11;
				GCC_DYNAMIC_NO_PIC = NO;
				GCC_NO_COMMON_BLOCKS = YES;
				GCC_OPTIMIZATION_LEVEL = 0;
				GCC_PREPROCESSOR_DEFINITIONS = (
					"DEBUG=1",
					"$(inherited)",
				);
				GCC_WARN_64_TO_32_BIT_CONVERSION = YES;
				GCC_WARN_ABOUT_RETURN_TYPE = YES_ERROR;
				GCC_WARN_UNDECLARED_SELECTOR = YES;
				GCC_WARN_UNINITIALIZED_AUTOS = YES_AGGRESSIVE;
				GCC_WARN_UNUSED_FUNCTION = YES;
				GCC_WARN_UNUSED_VARIABLE = YES;
				IPHONEOS_DEPLOYMENT_TARGET = 16.4;
				MTL_ENABLE_DEBUG_INFO = INCLUDE_SOURCE;
				MTL_FAST_MATH = YES;
				ONLY_ACTIVE_ARCH = YES;
				SDKROOT = iphoneos;
				SWIFT_ACTIVE_COMPILATION_CONDITIONS = DEBUG;
				SWIFT_OPTIMIZATION_LEVEL = "-Onone";
			};
			name = Debug;
		};
		D365A9B32A72D1480039AB2D /* Release */ = {
			isa = XCBuildConfiguration;
			buildSettings = {
				ALWAYS_SEARCH_USER_PATHS = NO;
				CLANG_ANALYZER_NONNULL = YES;
				CLANG_ANALYZER_NUMBER_OBJECT_CONVERSION = YES_AGGRESSIVE;
				CLANG_CXX_LANGUAGE_STANDARD = "gnu++20";
				CLANG_ENABLE_MODULES = YES;
				CLANG_ENABLE_OBJC_ARC = YES;
				CLANG_ENABLE_OBJC_WEAK = YES;
				CLANG_WARN_BLOCK_CAPTURE_AUTORELEASING = YES;
				CLANG_WARN_BOOL_CONVERSION = YES;
				CLANG_WARN_COMMA = YES;
				CLANG_WARN_CONSTANT_CONVERSION = YES;
				CLANG_WARN_DEPRECATED_OBJC_IMPLEMENTATIONS = YES;
				CLANG_WARN_DIRECT_OBJC_ISA_USAGE = YES_ERROR;
				CLANG_WARN_DOCUMENTATION_COMMENTS = YES;
				CLANG_WARN_EMPTY_BODY = YES;
				CLANG_WARN_ENUM_CONVERSION = YES;
				CLANG_WARN_INFINITE_RECURSION = YES;
				CLANG_WARN_INT_CONVERSION = YES;
				CLANG_WARN_NON_LITERAL_NULL_CONVERSION = YES;
				CLANG_WARN_OBJC_IMPLICIT_RETAIN_SELF = YES;
				CLANG_WARN_OBJC_LITERAL_CONVERSION = YES;
				CLANG_WARN_OBJC_ROOT_CLASS = YES_ERROR;
				CLANG_WARN_QUOTED_INCLUDE_IN_FRAMEWORK_HEADER = YES;
				CLANG_WARN_RANGE_LOOP_ANALYSIS = YES;
				CLANG_WARN_STRICT_PROTOTYPES = YES;
				CLANG_WARN_SUSPICIOUS_MOVE = YES;
				CLANG_WARN_UNGUARDED_AVAILABILITY = YES_AGGRESSIVE;
				CLANG_WARN_UNREACHABLE_CODE = YES;
				CLANG_WARN__DUPLICATE_METHOD_MATCH = YES;
				COPY_PHASE_STRIP = NO;
				DEBUG_INFORMATION_FORMAT = "dwarf-with-dsym";
				ENABLE_NS_ASSERTIONS = NO;
				ENABLE_STRICT_OBJC_MSGSEND = YES;
				GCC_C_LANGUAGE_STANDARD = gnu11;
				GCC_NO_COMMON_BLOCKS = YES;
				GCC_WARN_64_TO_32_BIT_CONVERSION = YES;
				GCC_WARN_ABOUT_RETURN_TYPE = YES_ERROR;
				GCC_WARN_UNDECLARED_SELECTOR = YES;
				GCC_WARN_UNINITIALIZED_AUTOS = YES_AGGRESSIVE;
				GCC_WARN_UNUSED_FUNCTION = YES;
				GCC_WARN_UNUSED_VARIABLE = YES;
				IPHONEOS_DEPLOYMENT_TARGET = 16.4;
				MTL_ENABLE_DEBUG_INFO = NO;
				MTL_FAST_MATH = YES;
				SDKROOT = iphoneos;
				SWIFT_COMPILATION_MODE = wholemodule;
				SWIFT_OPTIMIZATION_LEVEL = "-O";
				VALIDATE_PRODUCT = YES;
			};
			name = Release;
		};
		D365A9B52A72D1480039AB2D /* Debug */ = {
			isa = XCBuildConfiguration;
			buildSettings = {
				ASSETCATALOG_COMPILER_APPICON_NAME = AppIcon;
				ASSETCATALOG_COMPILER_GLOBAL_ACCENT_COLOR_NAME = AccentColor;
				CODE_SIGN_STYLE = Automatic;
				CURRENT_PROJECT_VERSION = 1;
				DEVELOPMENT_TEAM = Y9WFT4L662;
				GENERATE_INFOPLIST_FILE = YES;
				INFOPLIST_FILE = "Yummy food app/Info.plist";
				INFOPLIST_KEY_UIApplicationSupportsIndirectInputEvents = YES;
				INFOPLIST_KEY_UILaunchStoryboardName = LaunchScreen;
				INFOPLIST_KEY_UIMainStoryboardFile = Main;
				INFOPLIST_KEY_UISupportedInterfaceOrientations_iPad = "UIInterfaceOrientationPortrait UIInterfaceOrientationPortraitUpsideDown UIInterfaceOrientationLandscapeLeft UIInterfaceOrientationLandscapeRight";
				INFOPLIST_KEY_UISupportedInterfaceOrientations_iPhone = "UIInterfaceOrientationPortrait UIInterfaceOrientationLandscapeLeft UIInterfaceOrientationLandscapeRight";
				IPHONEOS_DEPLOYMENT_TARGET = 16.4;
				LD_RUNPATH_SEARCH_PATHS = (
					"$(inherited)",
					"@executable_path/Frameworks",
				);
				MARKETING_VERSION = 1.0;
				PRODUCT_BUNDLE_IDENTIFIER = "MohamedAbdelElhakam.Yummy-food-app";
				PRODUCT_NAME = "$(TARGET_NAME)";
				SWIFT_EMIT_LOC_STRINGS = YES;
				SWIFT_VERSION = 5.0;
				TARGETED_DEVICE_FAMILY = "1,2";
			};
			name = Debug;
		};
		D365A9B62A72D1480039AB2D /* Release */ = {
			isa = XCBuildConfiguration;
			buildSettings = {
				ASSETCATALOG_COMPILER_APPICON_NAME = AppIcon;
				ASSETCATALOG_COMPILER_GLOBAL_ACCENT_COLOR_NAME = AccentColor;
				CODE_SIGN_STYLE = Automatic;
				CURRENT_PROJECT_VERSION = 1;
				DEVELOPMENT_TEAM = Y9WFT4L662;
				GENERATE_INFOPLIST_FILE = YES;
				INFOPLIST_FILE = "Yummy food app/Info.plist";
				INFOPLIST_KEY_UIApplicationSupportsIndirectInputEvents = YES;
				INFOPLIST_KEY_UILaunchStoryboardName = LaunchScreen;
				INFOPLIST_KEY_UIMainStoryboardFile = Main;
				INFOPLIST_KEY_UISupportedInterfaceOrientations_iPad = "UIInterfaceOrientationPortrait UIInterfaceOrientationPortraitUpsideDown UIInterfaceOrientationLandscapeLeft UIInterfaceOrientationLandscapeRight";
				INFOPLIST_KEY_UISupportedInterfaceOrientations_iPhone = "UIInterfaceOrientationPortrait UIInterfaceOrientationLandscapeLeft UIInterfaceOrientationLandscapeRight";
				IPHONEOS_DEPLOYMENT_TARGET = 16.4;
				LD_RUNPATH_SEARCH_PATHS = (
					"$(inherited)",
					"@executable_path/Frameworks",
				);
				MARKETING_VERSION = 1.0;
				PRODUCT_BUNDLE_IDENTIFIER = "MohamedAbdelElhakam.Yummy-food-app";
				PRODUCT_NAME = "$(TARGET_NAME)";
				SWIFT_EMIT_LOC_STRINGS = YES;
				SWIFT_VERSION = 5.0;
				TARGETED_DEVICE_FAMILY = "1,2";
			};
			name = Release;
		};
/* End XCBuildConfiguration section */

/* Begin XCConfigurationList section */
		D365A9982A72D1470039AB2D /* Build configuration list for PBXProject "Yummy food app" */ = {
			isa = XCConfigurationList;
			buildConfigurations = (
				D365A9B22A72D1480039AB2D /* Debug */,
				D365A9B32A72D1480039AB2D /* Release */,
			);
			defaultConfigurationIsVisible = 0;
			defaultConfigurationName = Release;
		};
		D365A9B42A72D1480039AB2D /* Build configuration list for PBXNativeTarget "Yummy food app" */ = {
			isa = XCConfigurationList;
			buildConfigurations = (
				D365A9B52A72D1480039AB2D /* Debug */,
				D365A9B62A72D1480039AB2D /* Release */,
			);
			defaultConfigurationIsVisible = 0;
			defaultConfigurationName = Release;
		};
/* End XCConfigurationList section */

/* Begin XCRemoteSwiftPackageReference section */
		D365A9B72A72D2390039AB2D /* XCRemoteSwiftPackageReference "Alamofire" */ = {
			isa = XCRemoteSwiftPackageReference;
			repositoryURL = "https://github.com/Alamofire/Alamofire.git";
			requirement = {
				kind = upToNextMajorVersion;
				minimumVersion = 5.0.0;
			};
		};
		D365A9BA2A72D26D0039AB2D /* XCRemoteSwiftPackageReference "SDWebImage" */ = {
			isa = XCRemoteSwiftPackageReference;
			repositoryURL = "https://github.com/SDWebImage/SDWebImage.git";
			requirement = {
				kind = upToNextMajorVersion;
				minimumVersion = 5.0.0;
			};
		};
		D365A9BF2A72D2A10039AB2D /* XCRemoteSwiftPackageReference "ProgressHUD" */ = {
			isa = XCRemoteSwiftPackageReference;
			repositoryURL = "https://github.com/relatedcode/ProgressHUD.git";
			requirement = {
				kind = upToNextMajorVersion;
				minimumVersion = 13.0.0;
			};
		};
		D3AEA9132A768E8A00FB3F3E /* XCRemoteSwiftPackageReference "Kingfisher" */ = {
			isa = XCRemoteSwiftPackageReference;
			repositoryURL = "https://github.com/onevcat/Kingfisher.git";
			requirement = {
				kind = upToNextMajorVersion;
				minimumVersion = 7.0.0;
			};
		};
/* End XCRemoteSwiftPackageReference section */

/* Begin XCSwiftPackageProductDependency section */
		D365A9B82A72D2390039AB2D /* Alamofire */ = {
			isa = XCSwiftPackageProductDependency;
			package = D365A9B72A72D2390039AB2D /* XCRemoteSwiftPackageReference "Alamofire" */;
			productName = Alamofire;
		};
		D365A9BB2A72D26D0039AB2D /* SDWebImage */ = {
			isa = XCSwiftPackageProductDependency;
			package = D365A9BA2A72D26D0039AB2D /* XCRemoteSwiftPackageReference "SDWebImage" */;
			productName = SDWebImage;
		};
		D365A9BD2A72D26D0039AB2D /* SDWebImageMapKit */ = {
			isa = XCSwiftPackageProductDependency;
			package = D365A9BA2A72D26D0039AB2D /* XCRemoteSwiftPackageReference "SDWebImage" */;
			productName = SDWebImageMapKit;
		};
		D365A9C02A72D2A10039AB2D /* ProgressHUD */ = {
			isa = XCSwiftPackageProductDependency;
			package = D365A9BF2A72D2A10039AB2D /* XCRemoteSwiftPackageReference "ProgressHUD" */;
			productName = ProgressHUD;
		};
		D3AEA9142A768E8A00FB3F3E /* Kingfisher */ = {
			isa = XCSwiftPackageProductDependency;
			package = D3AEA9132A768E8A00FB3F3E /* XCRemoteSwiftPackageReference "Kingfisher" */;
			productName = Kingfisher;
		};
/* End XCSwiftPackageProductDependency section */

/* Begin XCVersionGroup section */
		D365A9A92A72D1470039AB2D /* Yummy_food_app.xcdatamodeld */ = {
			isa = XCVersionGroup;
			children = (
				D365A9AA2A72D1470039AB2D /* Yummy_food_app.xcdatamodel */,
			);
			currentVersion = D365A9AA2A72D1470039AB2D /* Yummy_food_app.xcdatamodel */;
			path = Yummy_food_app.xcdatamodeld;
			sourceTree = "<group>";
			versionGroupType = wrapper.xcdatamodel;
		};
/* End XCVersionGroup section */
	};
	rootObject = D365A9952A72D1470039AB2D /* Project object */;
}
